
Microsoft Visual Studio Solution File, Format Version 12.00
# Visual Studio Version 17
VisualStudioVersion = 17.6.33815.320
MinimumVisualStudioVersion = 10.0.40219.1
Project("{9A19103F-16F7-4668-BE54-9A1E7A4F7556}") = "WBTC.Library.WifiCrack.Shell", "WBTC.Library.WifiCrack.Shell\WBTC.Library.WifiCrack.Shell.csproj", "{4CA8D6BC-0EA9-4A0A-BDC4-7E14EAA4D500}"
EndProject
Project("{FAE04EC0-301F-11D3-BF4B-00C04F79EFBC}") = "SimpleWifi", "SimpleWifi\SimpleWifi.csproj", "{6AA425C9-EA6A-4B01-AAED-5FF122E8B663}"
EndProject
Global
	GlobalSection(SolutionConfigurationPlatforms) = preSolution
		Debug|Any CPU = Debug|Any CPU
		Release|Any CPU = Release|Any CPU
	EndGlobalSection
	GlobalSection(ProjectConfigurationPlatforms) = postSolution
		{4CA8D6BC-0EA9-4A0A-BDC4-7E14EAA4D500}.Debug|Any CPU.ActiveCfg = Debug|Any CPU
		{4CA8D6BC-0EA9-4A0A-BDC4-7E14EAA4D500}.Debug|Any CPU.Build.0 = Debug|Any CPU
		{4CA8D6BC-0EA9-4A0A-BDC4-7E14EAA4D500}.Release|Any CPU.ActiveCfg = Release|Any CPU
		{4CA8D6BC-0EA9-4A0A-BDC4-7E14EAA4D500}.Release|Any CPU.Build.0 = Release|Any CPU
		{6AA425C9-EA6A-4B01-AAED-5FF122E8B663}.Debug|Any CPU.ActiveCfg = Debug|Any CPU
		{6AA425C9-EA6A-4B01-AAED-5FF122E8B663}.Debug|Any CPU.Build.0 = Debug|Any CPU
		{6AA425C9-EA6A-4B01-AAED-5FF122E8B663}.Release|Any CPU.ActiveCfg = Release|Any CPU
		{6AA425C9-EA6A-4B01-AAED-5FF122E8B663}.Release|Any CPU.Build.0 = Release|Any CPU
	EndGlobalSection
	GlobalSection(SolutionProperties) = preSolution
		HideSolutionNode = FALSE
	EndGlobalSection
	GlobalSection(ExtensibilityGlobals) = postSolution
		SolutionGuid = {339A3F1B-2804-4A29-A871-BF90B6D81AA4}
	EndGlobalSection
EndGlobal
